// !$*UTF8*$!
{
	archiveVersion = 1;
	classes = {
	};
	objectVersion = 48;
	objects = {

/* Begin PBXBuildFile section */
		31352B2EE813AE49C5D1458F /* Pods_MariGold.framework in Frameworks */ = {isa = PBXBuildFile; fileRef = 4EE7A3C8BF907B511BD1C536 /* Pods_MariGold.framework */; };
		3D17623D2017E62000A1C77A /* AppDelegate.swift in Sources */ = {isa = PBXBuildFile; fileRef = 3D17623C2017E62000A1C77A /* AppDelegate.swift */; };
		3D17623F2017E62000A1C77A /* ViewController.swift in Sources */ = {isa = PBXBuildFile; fileRef = 3D17623E2017E62000A1C77A /* ViewController.swift */; };
		3D1762422017E62000A1C77A /* Main.storyboard in Resources */ = {isa = PBXBuildFile; fileRef = 3D1762402017E62000A1C77A /* Main.storyboard */; };
		3D1762442017E62000A1C77A /* Assets.xcassets in Resources */ = {isa = PBXBuildFile; fileRef = 3D1762432017E62000A1C77A /* Assets.xcassets */; };
		3D1762472017E62000A1C77A /* LaunchScreen.storyboard in Resources */ = {isa = PBXBuildFile; fileRef = 3D1762452017E62000A1C77A /* LaunchScreen.storyboard */; };
		3D1762522017E62000A1C77A /* MariGoldTests.swift in Sources */ = {isa = PBXBuildFile; fileRef = 3D1762512017E62000A1C77A /* MariGoldTests.swift */; };
		3D17625D2017E62000A1C77A /* MariGoldUITests.swift in Sources */ = {isa = PBXBuildFile; fileRef = 3D17625C2017E62000A1C77A /* MariGoldUITests.swift */; };
		3D1A988D2037511D003C7977 /* yantramanav in Resources */ = {isa = PBXBuildFile; fileRef = 3D1A988C2037511D003C7977 /* yantramanav */; };
		836F4A0F2D5CE8BA51E0E74A /* Pods_MariGoldTests.framework in Frameworks */ = {isa = PBXBuildFile; fileRef = 808FD94660326ACCE7C84B9F /* Pods_MariGoldTests.framework */; };
		8F9C7AFECB9DBD3A57889C23 /* Pods_MariGoldUITests.framework in Frameworks */ = {isa = PBXBuildFile; fileRef = 9F2CBD343E0DE49496D77F0B /* Pods_MariGoldUITests.framework */; };
/* End PBXBuildFile section */

/* Begin PBXContainerItemProxy section */
		3D17624E2017E62000A1C77A /* PBXContainerItemProxy */ = {
			isa = PBXContainerItemProxy;
			containerPortal = 3D1762312017E62000A1C77A /* Project object */;
			proxyType = 1;
			remoteGlobalIDString = 3D1762382017E62000A1C77A;
			remoteInfo = MariGold;
		};
		3D1762592017E62000A1C77A /* PBXContainerItemProxy */ = {
			isa = PBXContainerItemProxy;
			containerPortal = 3D1762312017E62000A1C77A /* Project object */;
			proxyType = 1;
			remoteGlobalIDString = 3D1762382017E62000A1C77A;
			remoteInfo = MariGold;
		};
/* End PBXContainerItemProxy section */

/* Begin PBXFileReference section */
		187359E3B3010650DBFCD7C2 /* Pods-MariGold.release.xcconfig */ = {isa = PBXFileReference; includeInIndex = 1; lastKnownFileType = text.xcconfig; name = "Pods-MariGold.release.xcconfig"; path = "Pods/Target Support Files/Pods-MariGold/Pods-MariGold.release.xcconfig"; sourceTree = "<group>"; };
		39AD9A9148C9320D500C9247 /* Pods-MariGoldTests.debug.xcconfig */ = {isa = PBXFileReference; includeInIndex = 1; lastKnownFileType = text.xcconfig; name = "Pods-MariGoldTests.debug.xcconfig"; path = "Pods/Target Support Files/Pods-MariGoldTests/Pods-MariGoldTests.debug.xcconfig"; sourceTree = "<group>"; };
		3D1762392017E62000A1C77A /* MariGold.app */ = {isa = PBXFileReference; explicitFileType = wrapper.application; includeInIndex = 0; path = MariGold.app; sourceTree = BUILT_PRODUCTS_DIR; };
		3D17623C2017E62000A1C77A /* AppDelegate.swift */ = {isa = PBXFileReference; lastKnownFileType = sourcecode.swift; path = AppDelegate.swift; sourceTree = "<group>"; };
		3D17623E2017E62000A1C77A /* ViewController.swift */ = {isa = PBXFileReference; lastKnownFileType = sourcecode.swift; path = ViewController.swift; sourceTree = "<group>"; };
		3D1762412017E62000A1C77A /* Base */ = {isa = PBXFileReference; lastKnownFileType = file.storyboard; name = Base; path = Base.lproj/Main.storyboard; sourceTree = "<group>"; };
		3D1762432017E62000A1C77A /* Assets.xcassets */ = {isa = PBXFileReference; lastKnownFileType = folder.assetcatalog; path = Assets.xcassets; sourceTree = "<group>"; };
		3D1762462017E62000A1C77A /* Base */ = {isa = PBXFileReference; lastKnownFileType = file.storyboard; name = Base; path = Base.lproj/LaunchScreen.storyboard; sourceTree = "<group>"; };
		3D1762482017E62000A1C77A /* Info.plist */ = {isa = PBXFileReference; lastKnownFileType = text.plist.xml; path = Info.plist; sourceTree = "<group>"; };
		3D17624D2017E62000A1C77A /* MariGoldTests.xctest */ = {isa = PBXFileReference; explicitFileType = wrapper.cfbundle; includeInIndex = 0; path = MariGoldTests.xctest; sourceTree = BUILT_PRODUCTS_DIR; };
		3D1762512017E62000A1C77A /* MariGoldTests.swift */ = {isa = PBXFileReference; lastKnownFileType = sourcecode.swift; path = MariGoldTests.swift; sourceTree = "<group>"; };
		3D1762532017E62000A1C77A /* Info.plist */ = {isa = PBXFileReference; lastKnownFileType = text.plist.xml; path = Info.plist; sourceTree = "<group>"; };
		3D1762582017E62000A1C77A /* MariGoldUITests.xctest */ = {isa = PBXFileReference; explicitFileType = wrapper.cfbundle; includeInIndex = 0; path = MariGoldUITests.xctest; sourceTree = BUILT_PRODUCTS_DIR; };
		3D17625C2017E62000A1C77A /* MariGoldUITests.swift */ = {isa = PBXFileReference; lastKnownFileType = sourcecode.swift; path = MariGoldUITests.swift; sourceTree = "<group>"; };
		3D17625E2017E62000A1C77A /* Info.plist */ = {isa = PBXFileReference; lastKnownFileType = text.plist.xml; path = Info.plist; sourceTree = "<group>"; };
		3D1A988C2037511D003C7977 /* yantramanav */ = {isa = PBXFileReference; lastKnownFileType = folder; name = yantramanav; path = "../../../../Library/Messages/Attachments/42/02/DD561324-2CB1-4EBC-B99E-46B32FC8B019/Yantramanav-Medium/yantramanav"; sourceTree = "<group>"; };
		4EE7A3C8BF907B511BD1C536 /* Pods_MariGold.framework */ = {isa = PBXFileReference; explicitFileType = wrapper.framework; includeInIndex = 0; path = Pods_MariGold.framework; sourceTree = BUILT_PRODUCTS_DIR; };
		5486E0B4DEADC1DBBCA4CC25 /* Pods-MariGoldUITests.debug.xcconfig */ = {isa = PBXFileReference; includeInIndex = 1; lastKnownFileType = text.xcconfig; name = "Pods-MariGoldUITests.debug.xcconfig"; path = "Pods/Target Support Files/Pods-MariGoldUITests/Pods-MariGoldUITests.debug.xcconfig"; sourceTree = "<group>"; };
		808FD94660326ACCE7C84B9F /* Pods_MariGoldTests.framework */ = {isa = PBXFileReference; explicitFileType = wrapper.framework; includeInIndex = 0; path = Pods_MariGoldTests.framework; sourceTree = BUILT_PRODUCTS_DIR; };
		9F2CBD343E0DE49496D77F0B /* Pods_MariGoldUITests.framework */ = {isa = PBXFileReference; explicitFileType = wrapper.framework; includeInIndex = 0; path = Pods_MariGoldUITests.framework; sourceTree = BUILT_PRODUCTS_DIR; };
		D98664A8222DBB362BE463A0 /* Pods-MariGold.debug.xcconfig */ = {isa = PBXFileReference; includeInIndex = 1; lastKnownFileType = text.xcconfig; name = "Pods-MariGold.debug.xcconfig"; path = "Pods/Target Support Files/Pods-MariGold/Pods-MariGold.debug.xcconfig"; sourceTree = "<group>"; };
		F29E3937BF20AFCBE51C4D7A /* Pods-MariGoldUITests.release.xcconfig */ = {isa = PBXFileReference; includeInIndex = 1; lastKnownFileType = text.xcconfig; name = "Pods-MariGoldUITests.release.xcconfig"; path = "Pods/Target Support Files/Pods-MariGoldUITests/Pods-MariGoldUITests.release.xcconfig"; sourceTree = "<group>"; };
		FC93FA618C839FB2DC36D6E5 /* Pods-MariGoldTests.release.xcconfig */ = {isa = PBXFileReference; includeInIndex = 1; lastKnownFileType = text.xcconfig; name = "Pods-MariGoldTests.release.xcconfig"; path = "Pods/Target Support Files/Pods-MariGoldTests/Pods-MariGoldTests.release.xcconfig"; sourceTree = "<group>"; };
/* End PBXFileReference section */

/* Begin PBXFrameworksBuildPhase section */
		3D1762362017E62000A1C77A /* Frameworks */ = {
			isa = PBXFrameworksBuildPhase;
			buildActionMask = 2147483647;
			files = (
				31352B2EE813AE49C5D1458F /* Pods_MariGold.framework in Frameworks */,
			);
			runOnlyForDeploymentPostprocessing = 0;
		};
		3D17624A2017E62000A1C77A /* Frameworks */ = {
			isa = PBXFrameworksBuildPhase;
			buildActionMask = 2147483647;
			files = (
				836F4A0F2D5CE8BA51E0E74A /* Pods_MariGoldTests.framework in Frameworks */,
			);
			runOnlyForDeploymentPostprocessing = 0;
		};
		3D1762552017E62000A1C77A /* Frameworks */ = {
			isa = PBXFrameworksBuildPhase;
			buildActionMask = 2147483647;
			files = (
				8F9C7AFECB9DBD3A57889C23 /* Pods_MariGoldUITests.framework in Frameworks */,
			);
			runOnlyForDeploymentPostprocessing = 0;
		};
/* End PBXFrameworksBuildPhase section */

/* Begin PBXGroup section */
		3D1762302017E62000A1C77A = {
			isa = PBXGroup;
			children = (
				3D17623B2017E62000A1C77A /* MariGold */,
				3D1762502017E62000A1C77A /* MariGoldTests */,
				3D17625B2017E62000A1C77A /* MariGoldUITests */,
				3D17623A2017E62000A1C77A /* Products */,
				D457B292921EC795305A5AB4 /* Pods */,
				59B53A6BF23CDE6B59B396C3 /* Frameworks */,
			);
			sourceTree = "<group>";
		};
		3D17623A2017E62000A1C77A /* Products */ = {
			isa = PBXGroup;
			children = (
				3D1762392017E62000A1C77A /* MariGold.app */,
				3D17624D2017E62000A1C77A /* MariGoldTests.xctest */,
				3D1762582017E62000A1C77A /* MariGoldUITests.xctest */,
			);
			name = Products;
			sourceTree = "<group>";
		};
		3D17623B2017E62000A1C77A /* MariGold */ = {
			isa = PBXGroup;
			children = (
				3D1A988C2037511D003C7977 /* yantramanav */,
				3D17623C2017E62000A1C77A /* AppDelegate.swift */,
				3D17623E2017E62000A1C77A /* ViewController.swift */,
				3D1762402017E62000A1C77A /* Main.storyboard */,
				3D1762432017E62000A1C77A /* Assets.xcassets */,
				3D1762452017E62000A1C77A /* LaunchScreen.storyboard */,
				3D1762482017E62000A1C77A /* Info.plist */,
			);
			path = MariGold;
			sourceTree = "<group>";
		};
		3D1762502017E62000A1C77A /* MariGoldTests */ = {
			isa = PBXGroup;
			children = (
				3D1762512017E62000A1C77A /* MariGoldTests.swift */,
				3D1762532017E62000A1C77A /* Info.plist */,
			);
			path = MariGoldTests;
			sourceTree = "<group>";
		};
		3D17625B2017E62000A1C77A /* MariGoldUITests */ = {
			isa = PBXGroup;
			children = (
				3D17625C2017E62000A1C77A /* MariGoldUITests.swift */,
				3D17625E2017E62000A1C77A /* Info.plist */,
			);
			path = MariGoldUITests;
			sourceTree = "<group>";
		};
		59B53A6BF23CDE6B59B396C3 /* Frameworks */ = {
			isa = PBXGroup;
			children = (
				4EE7A3C8BF907B511BD1C536 /* Pods_MariGold.framework */,
				808FD94660326ACCE7C84B9F /* Pods_MariGoldTests.framework */,
				9F2CBD343E0DE49496D77F0B /* Pods_MariGoldUITests.framework */,
			);
			name = Frameworks;
			sourceTree = "<group>";
		};
		D457B292921EC795305A5AB4 /* Pods */ = {
			isa = PBXGroup;
			children = (
				D98664A8222DBB362BE463A0 /* Pods-MariGold.debug.xcconfig */,
				187359E3B3010650DBFCD7C2 /* Pods-MariGold.release.xcconfig */,
				39AD9A9148C9320D500C9247 /* Pods-MariGoldTests.debug.xcconfig */,
				FC93FA618C839FB2DC36D6E5 /* Pods-MariGoldTests.release.xcconfig */,
				5486E0B4DEADC1DBBCA4CC25 /* Pods-MariGoldUITests.debug.xcconfig */,
				F29E3937BF20AFCBE51C4D7A /* Pods-MariGoldUITests.release.xcconfig */,
			);
			name = Pods;
			sourceTree = "<group>";
		};
/* End PBXGroup section */

/* Begin PBXNativeTarget section */
		3D1762382017E62000A1C77A /* MariGold */ = {
			isa = PBXNativeTarget;
			buildConfigurationList = 3D1762612017E62000A1C77A /* Build configuration list for PBXNativeTarget "MariGold" */;
			buildPhases = (
				E7D1D7F87241653CE9832752 /* [CP] Check Pods Manifest.lock */,
				3D1762352017E62000A1C77A /* Sources */,
				3D1762362017E62000A1C77A /* Frameworks */,
				3D1762372017E62000A1C77A /* Resources */,
				C77F07024D39F5C9519FFE8E /* [CP] Embed Pods Frameworks */,
				75855DF639C342F574395F80 /* [CP] Copy Pods Resources */,
			);
			buildRules = (
			);
			dependencies = (
			);
			name = MariGold;
			productName = MariGold;
			productReference = 3D1762392017E62000A1C77A /* MariGold.app */;
			productType = "com.apple.product-type.application";
		};
		3D17624C2017E62000A1C77A /* MariGoldTests */ = {
			isa = PBXNativeTarget;
			buildConfigurationList = 3D1762642017E62000A1C77A /* Build configuration list for PBXNativeTarget "MariGoldTests" */;
			buildPhases = (
				DD036BF71F9FE71AE84DA75F /* [CP] Check Pods Manifest.lock */,
				3D1762492017E62000A1C77A /* Sources */,
				3D17624A2017E62000A1C77A /* Frameworks */,
				3D17624B2017E62000A1C77A /* Resources */,
				E8F191FA13F499203552A4B6 /* [CP] Embed Pods Frameworks */,
				4DEFD39A00A85D09D1D47FE3 /* [CP] Copy Pods Resources */,
			);
			buildRules = (
			);
			dependencies = (
				3D17624F2017E62000A1C77A /* PBXTargetDependency */,
			);
			name = MariGoldTests;
			productName = MariGoldTests;
			productReference = 3D17624D2017E62000A1C77A /* MariGoldTests.xctest */;
			productType = "com.apple.product-type.bundle.unit-test";
		};
		3D1762572017E62000A1C77A /* MariGoldUITests */ = {
			isa = PBXNativeTarget;
			buildConfigurationList = 3D1762672017E62000A1C77A /* Build configuration list for PBXNativeTarget "MariGoldUITests" */;
			buildPhases = (
				0FCDB3B7F5991CAD99DDB9CB /* [CP] Check Pods Manifest.lock */,
				3D1762542017E62000A1C77A /* Sources */,
				3D1762552017E62000A1C77A /* Frameworks */,
				3D1762562017E62000A1C77A /* Resources */,
				5EFAC79B55205435BE4FB62F /* [CP] Embed Pods Frameworks */,
				466F17FEA72C6688D7C579BD /* [CP] Copy Pods Resources */,
			);
			buildRules = (
			);
			dependencies = (
				3D17625A2017E62000A1C77A /* PBXTargetDependency */,
			);
			name = MariGoldUITests;
			productName = MariGoldUITests;
			productReference = 3D1762582017E62000A1C77A /* MariGoldUITests.xctest */;
			productType = "com.apple.product-type.bundle.ui-testing";
		};
/* End PBXNativeTarget section */

/* Begin PBXProject section */
		3D1762312017E62000A1C77A /* Project object */ = {
			isa = PBXProject;
			attributes = {
				LastSwiftUpdateCheck = 0920;
				LastUpgradeCheck = 0920;
				ORGANIZATIONNAME = MariGold;
				TargetAttributes = {
					3D1762382017E62000A1C77A = {
						CreatedOnToolsVersion = 9.2;
						ProvisioningStyle = Automatic;
					};
					3D17624C2017E62000A1C77A = {
						CreatedOnToolsVersion = 9.2;
						ProvisioningStyle = Automatic;
						TestTargetID = 3D1762382017E62000A1C77A;
					};
					3D1762572017E62000A1C77A = {
						CreatedOnToolsVersion = 9.2;
						ProvisioningStyle = Automatic;
						TestTargetID = 3D1762382017E62000A1C77A;
					};
				};
			};
			buildConfigurationList = 3D1762342017E62000A1C77A /* Build configuration list for PBXProject "MariGold" */;
			compatibilityVersion = "Xcode 8.0";
			developmentRegion = en;
			hasScannedForEncodings = 0;
			knownRegions = (
				en,
				Base,
			);
			mainGroup = 3D1762302017E62000A1C77A;
			productRefGroup = 3D17623A2017E62000A1C77A /* Products */;
			projectDirPath = "";
			projectRoot = "";
			targets = (
				3D1762382017E62000A1C77A /* MariGold */,
				3D17624C2017E62000A1C77A /* MariGoldTests */,
				3D1762572017E62000A1C77A /* MariGoldUITests */,
			);
		};
/* End PBXProject section */

/* Begin PBXResourcesBuildPhase section */
		3D1762372017E62000A1C77A /* Resources */ = {
			isa = PBXResourcesBuildPhase;
			buildActionMask = 2147483647;
			files = (
				3D1762472017E62000A1C77A /* LaunchScreen.storyboard in Resources */,
				3D1762442017E62000A1C77A /* Assets.xcassets in Resources */,
				3D1762422017E62000A1C77A /* Main.storyboard in Resources */,
				3D1A988D2037511D003C7977 /* yantramanav in Resources */,
			);
			runOnlyForDeploymentPostprocessing = 0;
		};
		3D17624B2017E62000A1C77A /* Resources */ = {
			isa = PBXResourcesBuildPhase;
			buildActionMask = 2147483647;
			files = (
			);
			runOnlyForDeploymentPostprocessing = 0;
		};
		3D1762562017E62000A1C77A /* Resources */ = {
			isa = PBXResourcesBuildPhase;
			buildActionMask = 2147483647;
			files = (
			);
			runOnlyForDeploymentPostprocessing = 0;
		};
/* End PBXResourcesBuildPhase section */

/* Begin PBXShellScriptBuildPhase section */
		0FCDB3B7F5991CAD99DDB9CB /* [CP] Check Pods Manifest.lock */ = {
			isa = PBXShellScriptBuildPhase;
			buildActionMask = 2147483647;
			files = (
			);
			inputPaths = (
				"${PODS_PODFILE_DIR_PATH}/Podfile.lock",
				"${PODS_ROOT}/Manifest.lock",
			);
			name = "[CP] Check Pods Manifest.lock";
			outputPaths = (
				"$(DERIVED_FILE_DIR)/Pods-MariGoldUITests-checkManifestLockResult.txt",
			);
			runOnlyForDeploymentPostprocessing = 0;
			shellPath = /bin/sh;
			shellScript = "diff \"${PODS_PODFILE_DIR_PATH}/Podfile.lock\" \"${PODS_ROOT}/Manifest.lock\" > /dev/null\nif [ $? != 0 ] ; then\n    # print error to STDERR\n    echo \"error: The sandbox is not in sync with the Podfile.lock. Run 'pod install' or update your CocoaPods installation.\" >&2\n    exit 1\nfi\n# This output is used by Xcode 'outputs' to avoid re-running this script phase.\necho \"SUCCESS\" > \"${SCRIPT_OUTPUT_FILE_0}\"\n";
			showEnvVarsInLog = 0;
		};
		466F17FEA72C6688D7C579BD /* [CP] Copy Pods Resources */ = {
			isa = PBXShellScriptBuildPhase;
			buildActionMask = 2147483647;
			files = (
			);
			inputPaths = (
			);
			name = "[CP] Copy Pods Resources";
			outputPaths = (
			);
			runOnlyForDeploymentPostprocessing = 0;
			shellPath = /bin/sh;
			shellScript = "\"${SRCROOT}/Pods/Target Support Files/Pods-MariGoldUITests/Pods-MariGoldUITests-resources.sh\"\n";
			showEnvVarsInLog = 0;
		};
		4DEFD39A00A85D09D1D47FE3 /* [CP] Copy Pods Resources */ = {
			isa = PBXShellScriptBuildPhase;
			buildActionMask = 2147483647;
			files = (
			);
			inputPaths = (
			);
			name = "[CP] Copy Pods Resources";
			outputPaths = (
			);
			runOnlyForDeploymentPostprocessing = 0;
			shellPath = /bin/sh;
			shellScript = "\"${SRCROOT}/Pods/Target Support Files/Pods-MariGoldTests/Pods-MariGoldTests-resources.sh\"\n";
			showEnvVarsInLog = 0;
		};
		5EFAC79B55205435BE4FB62F /* [CP] Embed Pods Frameworks */ = {
			isa = PBXShellScriptBuildPhase;
			buildActionMask = 2147483647;
			files = (
			);
			inputPaths = (
			);
			name = "[CP] Embed Pods Frameworks";
			outputPaths = (
			);
			runOnlyForDeploymentPostprocessing = 0;
			shellPath = /bin/sh;
			shellScript = "\"${SRCROOT}/Pods/Target Support Files/Pods-MariGoldUITests/Pods-MariGoldUITests-frameworks.sh\"\n";
			showEnvVarsInLog = 0;
		};
		75855DF639C342F574395F80 /* [CP] Copy Pods Resources */ = {
			isa = PBXShellScriptBuildPhase;
			buildActionMask = 2147483647;
			files = (
			);
			inputPaths = (
			);
			name = "[CP] Copy Pods Resources";
			outputPaths = (
			);
			runOnlyForDeploymentPostprocessing = 0;
			shellPath = /bin/sh;
			shellScript = "\"${SRCROOT}/Pods/Target Support Files/Pods-MariGold/Pods-MariGold-resources.sh\"\n";
			showEnvVarsInLog = 0;
		};
		C77F07024D39F5C9519FFE8E /* [CP] Embed Pods Frameworks */ = {
			isa = PBXShellScriptBuildPhase;
			buildActionMask = 2147483647;
			files = (
			);
			inputPaths = (
				"${SRCROOT}/Pods/Target Support Files/Pods-MariGold/Pods-MariGold-frameworks.sh",
				"${BUILT_PRODUCTS_DIR}/Pastel/Pastel.framework",
			);
			name = "[CP] Embed Pods Frameworks";
			outputPaths = (
				"${TARGET_BUILD_DIR}/${FRAMEWORKS_FOLDER_PATH}/Pastel.framework",
			);
			runOnlyForDeploymentPostprocessing = 0;
			shellPath = /bin/sh;
			shellScript = "\"${SRCROOT}/Pods/Target Support Files/Pods-MariGold/Pods-MariGold-frameworks.sh\"\n";
			showEnvVarsInLog = 0;
		};
		DD036BF71F9FE71AE84DA75F /* [CP] Check Pods Manifest.lock */ = {
			isa = PBXShellScriptBuildPhase;
			buildActionMask = 2147483647;
			files = (
			);
			inputPaths = (
				"${PODS_PODFILE_DIR_PATH}/Podfile.lock",
				"${PODS_ROOT}/Manifest.lock",
			);
			name = "[CP] Check Pods Manifest.lock";
			outputPaths = (
				"$(DERIVED_FILE_DIR)/Pods-MariGoldTests-checkManifestLockResult.txt",
			);
			runOnlyForDeploymentPostprocessing = 0;
			shellPath = /bin/sh;
			shellScript = "diff \"${PODS_PODFILE_DIR_PATH}/Podfile.lock\" \"${PODS_ROOT}/Manifest.lock\" > /dev/null\nif [ $? != 0 ] ; then\n    # print error to STDERR\n    echo \"error: The sandbox is not in sync with the Podfile.lock. Run 'pod install' or update your CocoaPods installation.\" >&2\n    exit 1\nfi\n# This output is used by Xcode 'outputs' to avoid re-running this script phase.\necho \"SUCCESS\" > \"${SCRIPT_OUTPUT_FILE_0}\"\n";
			showEnvVarsInLog = 0;
		};
		E7D1D7F87241653CE9832752 /* [CP] Check Pods Manifest.lock */ = {
			isa = PBXShellScriptBuildPhase;
			buildActionMask = 2147483647;
			files = (
			);
			inputPaths = (
				"${PODS_PODFILE_DIR_PATH}/Podfile.lock",
				"${PODS_ROOT}/Manifest.lock",
			);
			name = "[CP] Check Pods Manifest.lock";
			outputPaths = (
				"$(DERIVED_FILE_DIR)/Pods-MariGold-checkManifestLockResult.txt",
			);
			runOnlyForDeploymentPostprocessing = 0;
			shellPath = /bin/sh;
			shellScript = "diff \"${PODS_PODFILE_DIR_PATH}/Podfile.lock\" \"${PODS_ROOT}/Manifest.lock\" > /dev/null\nif [ $? != 0 ] ; then\n    # print error to STDERR\n    echo \"error: The sandbox is not in sync with the Podfile.lock. Run 'pod install' or update your CocoaPods installation.\" >&2\n    exit 1\nfi\n# This output is used by Xcode 'outputs' to avoid re-running this script phase.\necho \"SUCCESS\" > \"${SCRIPT_OUTPUT_FILE_0}\"\n";
			showEnvVarsInLog = 0;
		};
		E8F191FA13F499203552A4B6 /* [CP] Embed Pods Frameworks */ = {
			isa = PBXShellScriptBuildPhase;
			buildActionMask = 2147483647;
			files = (
			);
			inputPaths = (
			);
			name = "[CP] Embed Pods Frameworks";
			outputPaths = (
			);
			runOnlyForDeploymentPostprocessing = 0;
			shellPath = /bin/sh;
			shellScript = "\"${SRCROOT}/Pods/Target Support Files/Pods-MariGoldTests/Pods-MariGoldTests-frameworks.sh\"\n";
			showEnvVarsInLog = 0;
		};
/* End PBXShellScriptBuildPhase section */

/* Begin PBXSourcesBuildPhase section */
		3D1762352017E62000A1C77A /* Sources */ = {
			isa = PBXSourcesBuildPhase;
			buildActionMask = 2147483647;
			files = (
				3D17623F2017E62000A1C77A /* ViewController.swift in Sources */,
				3D17623D2017E62000A1C77A /* AppDelegate.swift in Sources */,
			);
			runOnlyForDeploymentPostprocessing = 0;
		};
		3D1762492017E62000A1C77A /* Sources */ = {
			isa = PBXSourcesBuildPhase;
			buildActionMask = 2147483647;
			files = (
				3D1762522017E62000A1C77A /* MariGoldTests.swift in Sources */,
			);
			runOnlyForDeploymentPostprocessing = 0;
		};
		3D1762542017E62000A1C77A /* Sources */ = {
			isa = PBXSourcesBuildPhase;
			buildActionMask = 2147483647;
			files = (
				3D17625D2017E62000A1C77A /* MariGoldUITests.swift in Sources */,
			);
			runOnlyForDeploymentPostprocessing = 0;
		};
/* End PBXSourcesBuildPhase section */

/* Begin PBXTargetDependency section */
		3D17624F2017E62000A1C77A /* PBXTargetDependency */ = {
			isa = PBXTargetDependency;
			target = 3D1762382017E62000A1C77A /* MariGold */;
			targetProxy = 3D17624E2017E62000A1C77A /* PBXContainerItemProxy */;
		};
		3D17625A2017E62000A1C77A /* PBXTargetDependency */ = {
			isa = PBXTargetDependency;
			target = 3D1762382017E62000A1C77A /* MariGold */;
			targetProxy = 3D1762592017E62000A1C77A /* PBXContainerItemProxy */;
		};
/* End PBXTargetDependency section */

/* Begin PBXVariantGroup section */
		3D1762402017E62000A1C77A /* Main.storyboard */ = {
			isa = PBXVariantGroup;
			children = (
				3D1762412017E62000A1C77A /* Base */,
			);
			name = Main.storyboard;
			sourceTree = "<group>";
		};
		3D1762452017E62000A1C77A /* LaunchScreen.storyboard */ = {
			isa = PBXVariantGroup;
			children = (
				3D1762462017E62000A1C77A /* Base */,
			);
			name = LaunchScreen.storyboard;
			sourceTree = "<group>";
		};
/* End PBXVariantGroup section */

/* Begin XCBuildConfiguration section */
		3D17625F2017E62000A1C77A /* Debug */ = {
			isa = XCBuildConfiguration;
			buildSettings = {
				ALWAYS_SEARCH_USER_PATHS = NO;
				CLANG_ANALYZER_NONNULL = YES;
				CLANG_ANALYZER_NUMBER_OBJECT_CONVERSION = YES_AGGRESSIVE;
				CLANG_CXX_LANGUAGE_STANDARD = "gnu++14";
				CLANG_CXX_LIBRARY = "libc++";
				CLANG_ENABLE_MODULES = YES;
				CLANG_ENABLE_OBJC_ARC = YES;
				CLANG_WARN_BLOCK_CAPTURE_AUTORELEASING = YES;
				CLANG_WARN_BOOL_CONVERSION = YES;
				CLANG_WARN_COMMA = YES;
				CLANG_WARN_CONSTANT_CONVERSION = YES;
				CLANG_WARN_DIRECT_OBJC_ISA_USAGE = YES_ERROR;
				CLANG_WARN_DOCUMENTATION_COMMENTS = YES;
				CLANG_WARN_EMPTY_BODY = YES;
				CLANG_WARN_ENUM_CONVERSION = YES;
				CLANG_WARN_INFINITE_RECURSION = YES;
				CLANG_WARN_INT_CONVERSION = YES;
				CLANG_WARN_NON_LITERAL_NULL_CONVERSION = YES;
				CLANG_WARN_OBJC_LITERAL_CONVERSION = YES;
				CLANG_WARN_OBJC_ROOT_CLASS = YES_ERROR;
				CLANG_WARN_RANGE_LOOP_ANALYSIS = YES;
				CLANG_WARN_STRICT_PROTOTYPES = YES;
				CLANG_WARN_SUSPICIOUS_MOVE = YES;
				CLANG_WARN_UNGUARDED_AVAILABILITY = YES_AGGRESSIVE;
				CLANG_WARN_UNREACHABLE_CODE = YES;
				CLANG_WARN__DUPLICATE_METHOD_MATCH = YES;
				CODE_SIGN_IDENTITY = "iPhone Developer";
				COPY_PHASE_STRIP = NO;
				DEBUG_INFORMATION_FORMAT = dwarf;
				ENABLE_STRICT_OBJC_MSGSEND = YES;
				ENABLE_TESTABILITY = YES;
				GCC_C_LANGUAGE_STANDARD = gnu11;
				GCC_DYNAMIC_NO_PIC = NO;
				GCC_NO_COMMON_BLOCKS = YES;
				GCC_OPTIMIZATION_LEVEL = 0;
				GCC_PREPROCESSOR_DEFINITIONS = (
					"DEBUG=1",
					"$(inherited)",
				);
				GCC_WARN_64_TO_32_BIT_CONVERSION = YES;
				GCC_WARN_ABOUT_RETURN_TYPE = YES_ERROR;
				GCC_WARN_UNDECLARED_SELECTOR = YES;
				GCC_WARN_UNINITIALIZED_AUTOS = YES_AGGRESSIVE;
				GCC_WARN_UNUSED_FUNCTION = YES;
				GCC_WARN_UNUSED_VARIABLE = YES;
				IPHONEOS_DEPLOYMENT_TARGET = 11.2;
				MTL_ENABLE_DEBUG_INFO = YES;
				ONLY_ACTIVE_ARCH = YES;
				SDKROOT = iphoneos;
				SWIFT_ACTIVE_COMPILATION_CONDITIONS = DEBUG;
				SWIFT_OPTIMIZATION_LEVEL = "-Onone";
			};
			name = Debug;
		};
		3D1762602017E62000A1C77A /* Release */ = {
			isa = XCBuildConfiguration;
			buildSettings = {
				ALWAYS_SEARCH_USER_PATHS = NO;
				CLANG_ANALYZER_NONNULL = YES;
				CLANG_ANALYZER_NUMBER_OBJECT_CONVERSION = YES_AGGRESSIVE;
				CLANG_CXX_LANGUAGE_STANDARD = "gnu++14";
				CLANG_CXX_LIBRARY = "libc++";
				CLANG_ENABLE_MODULES = YES;
				CLANG_ENABLE_OBJC_ARC = YES;
				CLANG_WARN_BLOCK_CAPTURE_AUTORELEASING = YES;
				CLANG_WARN_BOOL_CONVERSION = YES;
				CLANG_WARN_COMMA = YES;
				CLANG_WARN_CONSTANT_CONVERSION = YES;
				CLANG_WARN_DIRECT_OBJC_ISA_USAGE = YES_ERROR;
				CLANG_WARN_DOCUMENTATION_COMMENTS = YES;
				CLANG_WARN_EMPTY_BODY = YES;
				CLANG_WARN_ENUM_CONVERSION = YES;
				CLANG_WARN_INFINITE_RECURSION = YES;
				CLANG_WARN_INT_CONVERSION = YES;
				CLANG_WARN_NON_LITERAL_NULL_CONVERSION = YES;
				CLANG_WARN_OBJC_LITERAL_CONVERSION = YES;
				CLANG_WARN_OBJC_ROOT_CLASS = YES_ERROR;
				CLANG_WARN_RANGE_LOOP_ANALYSIS = YES;
				CLANG_WARN_STRICT_PROTOTYPES = YES;
				CLANG_WARN_SUSPICIOUS_MOVE = YES;
				CLANG_WARN_UNGUARDED_AVAILABILITY = YES_AGGRESSIVE;
				CLANG_WARN_UNREACHABLE_CODE = YES;
				CLANG_WARN__DUPLICATE_METHOD_MATCH = YES;
				CODE_SIGN_IDENTITY = "iPhone Developer";
				COPY_PHASE_STRIP = NO;
				DEBUG_INFORMATION_FORMAT = "dwarf-with-dsym";
				ENABLE_NS_ASSERTIONS = NO;
				ENABLE_STRICT_OBJC_MSGSEND = YES;
				GCC_C_LANGUAGE_STANDARD = gnu11;
				GCC_NO_COMMON_BLOCKS = YES;
				GCC_WARN_64_TO_32_BIT_CONVERSION = YES;
				GCC_WARN_ABOUT_RETURN_TYPE = YES_ERROR;
				GCC_WARN_UNDECLARED_SELECTOR = YES;
				GCC_WARN_UNINITIALIZED_AUTOS = YES_AGGRESSIVE;
				GCC_WARN_UNUSED_FUNCTION = YES;
				GCC_WARN_UNUSED_VARIABLE = YES;
				IPHONEOS_DEPLOYMENT_TARGET = 11.2;
				MTL_ENABLE_DEBUG_INFO = NO;
				SDKROOT = iphoneos;
				SWIFT_OPTIMIZATION_LEVEL = "-Owholemodule";
				VALIDATE_PRODUCT = YES;
			};
			name = Release;
		};
		3D1762622017E62000A1C77A /* Debug */ = {
			isa = XCBuildConfiguration;
			baseConfigurationReference = D98664A8222DBB362BE463A0 /* Pods-MariGold.debug.xcconfig */;
			buildSettings = {
				ASSETCATALOG_COMPILER_APPICON_NAME = AppIcon;
				CODE_SIGN_STYLE = Automatic;
				DEVELOPMENT_TEAM = H929AZVP97;
				INFOPLIST_FILE = MariGold/Info.plist;
				LD_RUNPATH_SEARCH_PATHS = "$(inherited) @executable_path/Frameworks";
				PRODUCT_BUNDLE_IDENTIFIER = MariGold.MariGold;
				PRODUCT_NAME = "$(TARGET_NAME)";
				SWIFT_VERSION = 4.0;
				TARGETED_DEVICE_FAMILY = "1,2";
			};
			name = Debug;
		};
		3D1762632017E62000A1C77A /* Release */ = {
			isa = XCBuildConfiguration;
			baseConfigurationReference = 187359E3B3010650DBFCD7C2 /* Pods-MariGold.release.xcconfig */;
			buildSettings = {
				ASSETCATALOG_COMPILER_APPICON_NAME = AppIcon;
				CODE_SIGN_STYLE = Automatic;
				DEVELOPMENT_TEAM = H929AZVP97;
				INFOPLIST_FILE = MariGold/Info.plist;
				LD_RUNPATH_SEARCH_PATHS = "$(inherited) @executable_path/Frameworks";
				PRODUCT_BUNDLE_IDENTIFIER = MariGold.MariGold;
				PRODUCT_NAME = "$(TARGET_NAME)";
				SWIFT_VERSION = 4.0;
				TARGETED_DEVICE_FAMILY = "1,2";
			};
			name = Release;
		};
		3D1762652017E62000A1C77A /* Debug */ = {
			isa = XCBuildConfiguration;
			baseConfigurationReference = 39AD9A9148C9320D500C9247 /* Pods-MariGoldTests.debug.xcconfig */;
			buildSettings = {
				ALWAYS_EMBED_SWIFT_STANDARD_LIBRARIES = YES;
				BUNDLE_LOADER = "$(TEST_HOST)";
				CODE_SIGN_STYLE = Automatic;
				INFOPLIST_FILE = MariGoldTests/Info.plist;
				LD_RUNPATH_SEARCH_PATHS = "$(inherited) @executable_path/Frameworks @loader_path/Frameworks";
				PRODUCT_BUNDLE_IDENTIFIER = MariGold.MariGoldTests;
				PRODUCT_NAME = "$(TARGET_NAME)";
				SWIFT_VERSION = 4.0;
				TARGETED_DEVICE_FAMILY = "1,2";
				TEST_HOST = "$(BUILT_PRODUCTS_DIR)/MariGold.app/MariGold";
			};
			name = Debug;
		};
		3D1762662017E62000A1C77A /* Release */ = {
			isa = XCBuildConfiguration;
			baseConfigurationReference = FC93FA618C839FB2DC36D6E5 /* Pods-MariGoldTests.release.xcconfig */;
			buildSettings = {
				ALWAYS_EMBED_SWIFT_STANDARD_LIBRARIES = YES;
				BUNDLE_LOADER = "$(TEST_HOST)";
				CODE_SIGN_STYLE = Automatic;
				INFOPLIST_FILE = MariGoldTests/Info.plist;
				LD_RUNPATH_SEARCH_PATHS = "$(inherited) @executable_path/Frameworks @loader_path/Frameworks";
				PRODUCT_BUNDLE_IDENTIFIER = MariGold.MariGoldTests;
				PRODUCT_NAME = "$(TARGET_NAME)";
				SWIFT_VERSION = 4.0;
				TARGETED_DEVICE_FAMILY = "1,2";
				TEST_HOST = "$(BUILT_PRODUCTS_DIR)/MariGold.app/MariGold";
			};
			name = Release;
		};
		3D1762682017E62000A1C77A /* Debug */ = {
			isa = XCBuildConfiguration;
			baseConfigurationReference = 5486E0B4DEADC1DBBCA4CC25 /* Pods-MariGoldUITests.debug.xcconfig */;
			buildSettings = {
				ALWAYS_EMBED_SWIFT_STANDARD_LIBRARIES = YES;
				CODE_SIGN_STYLE = Automatic;
				INFOPLIST_FILE = MariGoldUITests/Info.plist;
				LD_RUNPATH_SEARCH_PATHS = "$(inherited) @executable_path/Frameworks @loader_path/Frameworks";
				PRODUCT_BUNDLE_IDENTIFIER = MariGold.MariGoldUITests;
				PRODUCT_NAME = "$(TARGET_NAME)";
				SWIFT_VERSION = 4.0;
				TARGETED_DEVICE_FAMILY = "1,2";
				TEST_TARGET_NAME = MariGold;
			};
			name = Debug;
		};
		3D1762692017E62000A1C77A /* Release */ = {
			isa = XCBuildConfiguration;
			baseConfigurationReference = F29E3937BF20AFCBE51C4D7A /* Pods-MariGoldUITests.release.xcconfig */;
			buildSettings = {
				ALWAYS_EMBED_SWIFT_STANDARD_LIBRARIES = YES;
				CODE_SIGN_STYLE = Automatic;
				INFOPLIST_FILE = MariGoldUITests/Info.plist;
				LD_RUNPATH_SEARCH_PATHS = "$(inherited) @executable_path/Frameworks @loader_path/Frameworks";
				PRODUCT_BUNDLE_IDENTIFIER = MariGold.MariGoldUITests;
				PRODUCT_NAME = "$(TARGET_NAME)";
				SWIFT_VERSION = 4.0;
				TARGETED_DEVICE_FAMILY = "1,2";
				TEST_TARGET_NAME = MariGold;
			};
			name = Release;
		};
/* End XCBuildConfiguration section */

/* Begin XCConfigurationList section */
		3D1762342017E62000A1C77A /* Build configuration list for PBXProject "MariGold" */ = {
			isa = XCConfigurationList;
			buildConfigurations = (
				3D17625F2017E62000A1C77A /* Debug */,
				3D1762602017E62000A1C77A /* Release */,
			);
			defaultConfigurationIsVisible = 0;
			defaultConfigurationName = Release;
		};
		3D1762612017E62000A1C77A /* Build configuration list for PBXNativeTarget "MariGold" */ = {
			isa = XCConfigurationList;
			buildConfigurations = (
				3D1762622017E62000A1C77A /* Debug */,
				3D1762632017E62000A1C77A /* Release */,
			);
			defaultConfigurationIsVisible = 0;
			defaultConfigurationName = Release;
		};
		3D1762642017E62000A1C77A /* Build configuration list for PBXNativeTarget "MariGoldTests" */ = {
			isa = XCConfigurationList;
			buildConfigurations = (
				3D1762652017E62000A1C77A /* Debug */,
				3D1762662017E62000A1C77A /* Release */,
			);
			defaultConfigurationIsVisible = 0;
			defaultConfigurationName = Release;
		};
		3D1762672017E62000A1C77A /* Build configuration list for PBXNativeTarget "MariGoldUITests" */ = {
			isa = XCConfigurationList;
			buildConfigurations = (
				3D1762682017E62000A1C77A /* Debug */,
				3D1762692017E62000A1C77A /* Release */,
			);
			defaultConfigurationIsVisible = 0;
			defaultConfigurationName = Release;
		};
/* End XCConfigurationList section */
	};
	rootObject = 3D1762312017E62000A1C77A /* Project object */;
}
